
Microsoft Visual Studio Solution File, Format Version 12.00
# Visual Studio Version 17
VisualStudioVersion = 17.0.31903.59
MinimumVisualStudioVersion = 10.0.40219.1
Project("{2150E333-8FDC-42A3-9474-1A3956D46DE8}") = "backend", "backend", "{1AE8ACA6-933B-BF2A-3671-3E2EAC007D16}"
EndProject
Project("{FAE04EC0-301F-11D3-BF4B-00C04F79EFBC}") = "WebBlog.Api", "backend\WebBlog.Api\WebBlog.Api.csproj", "{041B85FC-617B-4256-98CD-6DF4D722C96F}"
EndProject
Project("{FAE04EC0-301F-11D3-BF4B-00C04F79EFBC}") = "WebBlog.Tests", "backend\WebBlog.Tests\WebBlog.Tests.csproj", "{CE5CCB2D-B871-4494-A4F8-B9A0E0D7D3C1}"
EndProject
Global
	GlobalSection(SolutionConfigurationPlatforms) = preSolution
		Debug|Any CPU = Debug|Any CPU
		Debug|x64 = Debug|x64
		Debug|x86 = Debug|x86
		Release|Any CPU = Release|Any CPU
		Release|x64 = Release|x64
		Release|x86 = Release|x86
	EndGlobalSection
	GlobalSection(ProjectConfigurationPlatforms) = postSolution
		{041B85FC-617B-4256-98CD-6DF4D722C96F}.Debug|Any CPU.ActiveCfg = Debug|Any CPU
		{041B85FC-617B-4256-98CD-6DF4D722C96F}.Debug|Any CPU.Build.0 = Debug|Any CPU
		{041B85FC-617B-4256-98CD-6DF4D722C96F}.Debug|x64.ActiveCfg = Debug|Any CPU
		{041B85FC-617B-4256-98CD-6DF4D722C96F}.Debug|x64.Build.0 = Debug|Any CPU
		{041B85FC-617B-4256-98CD-6DF4D722C96F}.Debug|x86.ActiveCfg = Debug|Any CPU
		{041B85FC-617B-4256-98CD-6DF4D722C96F}.Debug|x86.Build.0 = Debug|Any CPU
		{041B85FC-617B-4256-98CD-6DF4D722C96F}.Release|Any CPU.ActiveCfg = Release|Any CPU
		{041B85FC-617B-4256-98CD-6DF4D722C96F}.Release|Any CPU.Build.0 = Release|Any CPU
		{041B85FC-617B-4256-98CD-6DF4D722C96F}.Release|x64.ActiveCfg = Release|Any CPU
		{041B85FC-617B-4256-98CD-6DF4D722C96F}.Release|x64.Build.0 = Release|Any CPU
		{041B85FC-617B-4256-98CD-6DF4D722C96F}.Release|x86.ActiveCfg = Release|Any CPU
		{041B85FC-617B-4256-98CD-6DF4D722C96F}.Release|x86.Build.0 = Release|Any CPU
		{CE5CCB2D-B871-4494-A4F8-B9A0E0D7D3C1}.Debug|Any CPU.ActiveCfg = Debug|Any CPU
		{CE5CCB2D-B871-4494-A4F8-B9A0E0D7D3C1}.Debug|Any CPU.Build.0 = Debug|Any CPU
		{CE5CCB2D-B871-4494-A4F8-B9A0E0D7D3C1}.Debug|x64.ActiveCfg = Debug|Any CPU
		{CE5CCB2D-B871-4494-A4F8-B9A0E0D7D3C1}.Debug|x64.Build.0 = Debug|Any CPU
		{CE5CCB2D-B871-4494-A4F8-B9A0E0D7D3C1}.Debug|x86.ActiveCfg = Debug|Any CPU
		{CE5CCB2D-B871-4494-A4F8-B9A0E0D7D3C1}.Debug|x86.Build.0 = Debug|Any CPU
		{CE5CCB2D-B871-4494-A4F8-B9A0E0D7D3C1}.Release|Any CPU.ActiveCfg = Release|Any CPU
		{CE5CCB2D-B871-4494-A4F8-B9A0E0D7D3C1}.Release|Any CPU.Build.0 = Release|Any CPU
		{CE5CCB2D-B871-4494-A4F8-B9A0E0D7D3C1}.Release|x64.ActiveCfg = Release|Any CPU
		{CE5CCB2D-B871-4494-A4F8-B9A0E0D7D3C1}.Release|x64.Build.0 = Release|Any CPU
		{CE5CCB2D-B871-4494-A4F8-B9A0E0D7D3C1}.Release|x86.ActiveCfg = Release|Any CPU
		{CE5CCB2D-B871-4494-A4F8-B9A0E0D7D3C1}.Release|x86.Build.0 = Release|Any CPU
	EndGlobalSection
	GlobalSection(SolutionProperties) = preSolution
		HideSolutionNode = FALSE
	EndGlobalSection
	GlobalSection(NestedProjects) = preSolution
		{041B85FC-617B-4256-98CD-6DF4D722C96F} = {1AE8ACA6-933B-BF2A-3671-3E2EAC007D16}
		{CE5CCB2D-B871-4494-A4F8-B9A0E0D7D3C1} = {1AE8ACA6-933B-BF2A-3671-3E2EAC007D16}
	EndGlobalSection
EndGlobal
